# This file is automatically @generated by Poetry and should not be changed by hand.

[[package]]
name = "ephem"
version = "4.1.4"
description = "Compute positions of the planets and stars"
category = "main"
optional = false
python-versions = "*"
files = [
    {file = "ephem-4.1.4-cp310-cp310-macosx_10_9_x86_64.whl", hash = "sha256:024752ae7074c660630046929e12650cc6e72e1c11b7554ccefbe16f8ce3c48d"},
    {file = "ephem-4.1.4-cp310-cp310-manylinux_2_12_i686.manylinux2010_i686.manylinux_2_17_i686.manylinux2014_i686.whl", hash = "sha256:158bf9fb2b58cb77c606687c9ad35dc82903ed00617a12c93dd2d89a65d6374d"},
    {file = "ephem-4.1.4-cp310-cp310-manylinux_2_17_aarch64.manylinux2014_aarch64.whl", hash = "sha256:11be09d245e77457e87988a4fdc811bdc6c5f1daaa73fb24289b220db720831d"},
    {file = "ephem-4.1.4-cp310-cp310-manylinux_2_17_s390x.manylinux2014_s390x.whl", hash = "sha256:649bd2c85f5fc450136dacc0416af7127a07c0b2ce84bfdc89c1bc78129216a3"},
    {file = "ephem-4.1.4-cp310-cp310-manylinux_2_17_x86_64.manylinux2014_x86_64.whl", hash = "sha256:d6918b012365791b786ed0f30e8ea3941cbc49486dcf6c28d151f119c62d5be8"},
    {file = "ephem-4.1.4-cp310-cp310-musllinux_1_1_aarch64.whl", hash = "sha256:d343e9ca26f04a05b01fcaaf800224da5d15ad76902d7dc452c216e448293893"},
    {file = "ephem-4.1.4-cp310-cp310-musllinux_1_1_i686.whl", hash = "sha256:d0403738f59aefe81ee5b0219cd909f2a05b03b7da465f9b233da57d3dea0de6"},
    {file = "ephem-4.1.4-cp310-cp310-musllinux_1_1_s390x.whl", hash = "sha256:d61f38f35c25049ca2b95aa4e12e952e5ef56b31eac4a9d6d4e24aacf9373101"},
    {file = "ephem-4.1.4-cp310-cp310-musllinux_1_1_x86_64.whl", hash = "sha256:4039aa2f0b8c204283fc478551d8b29c9473137ad8a910a5ff60ae3be6593c7b"},
    {file = "ephem-4.1.4-cp310-cp310-win32.whl", hash = "sha256:8979429643ac4e29a5496321c9c41a20cd7a6a530aee9865c7fab0008450ef28"},
    {file = "ephem-4.1.4-cp310-cp310-win_amd64.whl", hash = "sha256:589a2235f49232b92ee0247923360a264086a57b2c39d4191348f95ba5ce0c3d"},
    {file = "ephem-4.1.4-cp36-cp36m-macosx_10_9_x86_64.whl", hash = "sha256:40067fc050c946c8d4c2d779805b61f063471a091e6124cbabcf61ac538011b2"},
    {file = "ephem-4.1.4-cp36-cp36m-manylinux_2_12_i686.manylinux2010_i686.manylinux_2_17_i686.manylinux2014_i686.whl", hash = "sha256:7e2abe97aa2b091090012768b4d94793213cc01f0bf040dcc311a380ab08df69"},
    {file = "ephem-4.1.4-cp36-cp36m-manylinux_2_17_aarch64.manylinux2014_aarch64.whl", hash = "sha256:3b2677d3a5b42aedc578de10b0eecdba6a50731f159cb28f7ad38c5f62143494"},
    {file = "ephem-4.1.4-cp36-cp36m-manylinux_2_17_s390x.manylinux2014_s390x.whl", hash = "sha256:80a73da8ec61f86e5a97f73311159e61279dabdfbd17c9d4e2791a25a836f9ce"},
    {file = "ephem-4.1.4-cp36-cp36m-manylinux_2_17_x86_64.manylinux2014_x86_64.whl", hash = "sha256:a146db114cfc942d123a38c301a8b8ca7eef2e37d2c5a4bd59e4abc99123c083"},
    {file = "ephem-4.1.4-cp36-cp36m-musllinux_1_1_aarch64.whl", hash = "sha256:4f3650c27c3ab6b73e2de7fd8de10e1c0d73f4683c9c5fb2e7113722ec2c2b53"},
    {file = "ephem-4.1.4-cp36-cp36m-musllinux_1_1_i686.whl", hash = "sha256:171fc5e7c4e9523f900dfd5ab6520bceb260a2b59fcb558d9aec17fd562b6251"},
    {file = "ephem-4.1.4-cp36-cp36m-musllinux_1_1_s390x.whl", hash = "sha256:8974799afb37f17ac71e16e479d0e315d74bea4bed2becaf21d1b9304299bbaf"},
    {file = "ephem-4.1.4-cp36-cp36m-musllinux_1_1_x86_64.whl", hash = "sha256:3c39fb62c240f57533ea618295e510c44e466e74f2f4a899fbaa04b166b62d04"},
    {file = "ephem-4.1.4-cp36-cp36m-win32.whl", hash = "sha256:23e1432f021c69b2965c87a693ffd25caf08416e92bcb0fed91425083a374210"},
    {file = "ephem-4.1.4-cp36-cp36m-win_amd64.whl", hash = "sha256:86d6dda3581e61f6bad5479e26bca9e560671852ac00a5a8ed10f722635ddf71"},
    {file = "ephem-4.1.4-cp37-cp37m-macosx_10_9_x86_64.whl", hash = "sha256:e731c3e2f1767fab14e5d4077a3519f70afd22cb7dd113274c2850f8ef8ff828"},
    {file = "ephem-4.1.4-cp37-cp37m-manylinux_2_12_i686.manylinux2010_i686.manylinux_2_17_i686.manylinux2014_i686.whl", hash = "sha256:c8b79b47c7be0d64013fb5d97dd6bbfb9bf63ae07b2ec917be19d3b4cc5782b8"},
    {file = "ephem-4.1.4-cp37-cp37m-manylinux_2_17_aarch64.manylinux2014_aarch64.whl", hash = "sha256:89f759ce8e3489d15b9f3796d210196085dcb84cacdf24b2ece791b029245544"},
    {file = "ephem-4.1.4-cp37-cp37m-manylinux_2_17_s390x.manylinux2014_s390x.whl", hash = "sha256:daf1a1280102e14c718d684989da34151697a426522f8ae18b1081e8bad705c9"},
    {file = "ephem-4.1.4-cp37-cp37m-manylinux_2_17_x86_64.manylinux2014_x86_64.whl", hash = "sha256:e3da3b76d5d5e339461059c3314013c152ef569c798bfd578bcfb504b875a837"},
    {file = "ephem-4.1.4-cp37-cp37m-musllinux_1_1_aarch64.whl", hash = "sha256:aac0a0e41deb2a197cf67e800a3d0f4029139b9ce12bed148ffe994ec78593f9"},
    {file = "ephem-4.1.4-cp37-cp37m-musllinux_1_1_i686.whl", hash = "sha256:85809803e349bb4a0d56880067549abdc2b93fddf93ac3d55486040cbec1553f"},
    {file = "ephem-4.1.4-cp37-cp37m-musllinux_1_1_s390x.whl", hash = "sha256:93d8f8b4e6206d3401dbdb0cdabb0d15c59cf9c2a7ee7c586da8c7dbf1f2a136"},
    {file = "ephem-4.1.4-cp37-cp37m-musllinux_1_1_x86_64.whl", hash = "sha256:5beaa0cb659951211aec33a7c132557a1a161dacf53f1b1493830489cfc68215"},
    {file = "ephem-4.1.4-cp37-cp37m-win32.whl", hash = "sha256:bbd4727498928ece694ec1b33023f16b6d050d9952d4052129b24e08e04d67fd"},
    {file = "ephem-4.1.4-cp37-cp37m-win_amd64.whl", hash = "sha256:39c710d73449b1c495b58d803da881363a0cae4b728de9fa332f77bcb4686ac8"},
    {file = "ephem-4.1.4-cp38-cp38-macosx_10_9_x86_64.whl", hash = "sha256:24b7e90c731e851a56ab5e9d538915faaa54945e9b5211cfdf04e570fc27c529"},
    {file = "ephem-4.1.4-cp38-cp38-manylinux_2_12_i686.manylinux2010_i686.manylinux_2_17_i686.manylinux2014_i686.whl", hash = "sha256:ab40ad7a5ccd66cad4161ca2295c04f01a74ec596c936c3af97a67733e2cd5bf"},
    {file = "ephem-4.1.4-cp38-cp38-manylinux_2_17_aarch64.manylinux2014_aarch64.whl", hash = "sha256:555d63d70e36e46e43b955c37cdb0f8b82ee2051c575960c4b01948be9f04e5e"},
    {file = "ephem-4.1.4-cp38-cp38-manylinux_2_17_s390x.manylinux2014_s390x.whl", hash = "sha256:3a29de7c737047cc2412edada9d03b761339d3560d7db471cd04f257e1e02f2f"},
    {file = "ephem-4.1.4-cp38-cp38-manylinux_2_17_x86_64.manylinux2014_x86_64.whl", hash = "sha256:4e737b49643a300fa15b788accc72802af93b49cd5d071e53111e08e3fba6570"},
    {file = "ephem-4.1.4-cp38-cp38-musllinux_1_1_aarch64.whl", hash = "sha256:56c448a83290dabd1df5865fbf9e39d17400abcef37cb36de90ea1a860c0a08e"},
    {file = "ephem-4.1.4-cp38-cp38-musllinux_1_1_i686.whl", hash = "sha256:3bd7da534a542d937b10f3c643301dc9b8bc09f7a40350b32efc32910232da9e"},
    {file = "ephem-4.1.4-cp38-cp38-musllinux_1_1_s390x.whl", hash = "sha256:0493ad1b3d2505acbf442e31aadb86fba096ba30008a586fe6361a9de5974ed3"},
    {file = "ephem-4.1.4-cp38-cp38-musllinux_1_1_x86_64.whl", hash = "sha256:3442fba6afae0bcb643c9b069765033b67d2c8fe4350f9beb4f2f5cfdaaa7442"},
    {file = "ephem-4.1.4-cp38-cp38-win32.whl", hash = "sha256:8e0bb8379fb6b709a3cbceb6a11a3dc0f25e5b16a6f009b48e09d6b95f896d9c"},
    {file = "ephem-4.1.4-cp38-cp38-win_amd64.whl", hash = "sha256:a940cd4d8d7aed68efd3d6b717f393bbedf541d388ba11eb3ed56a9fc6cbb1ca"},
    {file = "ephem-4.1.4-cp39-cp39-macosx_10_9_x86_64.whl", hash = "sha256:7f51a3bcd5f69c4070e8a6936e4a61019ad2d6b94bc8b5ca1e498dea0962a373"},
    {file = "ephem-4.1.4-cp39-cp39-manylinux_2_12_i686.manylinux2010_i686.manylinux_2_17_i686.manylinux2014_i686.whl", hash = "sha256:41680b48aeae5b992371bf7ec1bc07457500ff4a6ea7d333793e945b97951de0"},
    {file = "ephem-4.1.4-cp39-cp39-manylinux_2_17_aarch64.manylinux2014_aarch64.whl", hash = "sha256:f11edaef2e4a4d010e21b5ff8bcd9435fbc7fe9e16923f81143f248ae8ae8e9d"},
    {file = "ephem-4.1.4-cp39-cp39-manylinux_2_17_s390x.manylinux2014_s390x.whl", hash = "sha256:72078b49748318cbbbe1a49ab5dcd05e63c917151351175b590833e6163a1506"},
    {file = "ephem-4.1.4-cp39-cp39-manylinux_2_17_x86_64.manylinux2014_x86_64.whl", hash = "sha256:b2ba977ad0402ac44fe66af6e1119632efe84b7d1255f8f6f94d7768d9487453"},
    {file = "ephem-4.1.4-cp39-cp39-musllinux_1_1_aarch64.whl", hash = "sha256:a21a11285904f43c3bc6909727d09109b8e38dc2e3cda662089601cb37b3d082"},
    {file = "ephem-4.1.4-cp39-cp39-musllinux_1_1_i686.whl", hash = "sha256:9aabc3cab5fb9440564dfdf79e39ee01d16554d7bfb8228cddfe9eada460dba9"},
    {file = "ephem-4.1.4-cp39-cp39-musllinux_1_1_s390x.whl", hash = "sha256:5327fd48fc8ff966023a6f177813fc058bb2a496c70b53a79f85bf2eba3ca93d"},
    {file = "ephem-4.1.4-cp39-cp39-musllinux_1_1_x86_64.whl", hash = "sha256:1e429f6e0e05e4c8c54802e951cd1bde440dd6f896c2b5691ef5ebd9bc3ba489"},
    {file = "ephem-4.1.4-cp39-cp39-win32.whl", hash = "sha256:a8d125d04800425a9d944109710687bbb3703e8f04ac3bc8445779bb0ad5dcc2"},
    {file = "ephem-4.1.4-cp39-cp39-win_amd64.whl", hash = "sha256:4e8ec4e29c7f04d6334215775a8c4dc77eae8ed698384530d9415a98500ed01c"},
    {file = "ephem-4.1.4.tar.gz", hash = "sha256:73a59f0d2162d1624535c3c3b75f956556bdbb2055eaf554a7bef147d3f9c760"},
]

[[package]]
name = "lark"
version = "1.1.5"
description = "a modern parsing library"
category = "main"
optional = false
python-versions = "*"
files = [
    {file = "lark-1.1.5-py3-none-any.whl", hash = "sha256:8476f9903e93fbde4f6c327f74d79e9b4bd0ed9294c5dfa3164ab8c581b5de2a"},
    {file = "lark-1.1.5.tar.gz", hash = "sha256:4b534eae1f9af5b4ea000bea95776350befe1981658eea3820a01c37e504bb4d"},
]

[package.extras]
atomic-cache = ["atomicwrites"]
nearley = ["js2py"]
regex = ["regex"]

[[package]]
name = "numpy"
version = "1.24.2"
description = "Fundamental package for array computing in Python"
category = "main"
optional = false
python-versions = ">=3.8"
files = [
    {file = "numpy-1.24.2-cp310-cp310-macosx_10_9_x86_64.whl", hash = "sha256:eef70b4fc1e872ebddc38cddacc87c19a3709c0e3e5d20bf3954c147b1dd941d"},
    {file = "numpy-1.24.2-cp310-cp310-macosx_11_0_arm64.whl", hash = "sha256:e8d2859428712785e8a8b7d2b3ef0a1d1565892367b32f915c4a4df44d0e64f5"},
    {file = "numpy-1.24.2-cp310-cp310-manylinux_2_17_aarch64.manylinux2014_aarch64.whl", hash = "sha256:6524630f71631be2dabe0c541e7675db82651eb998496bbe16bc4f77f0772253"},
    {file = "numpy-1.24.2-cp310-cp310-manylinux_2_17_x86_64.manylinux2014_x86_64.whl", hash = "sha256:a51725a815a6188c662fb66fb32077709a9ca38053f0274640293a14fdd22978"},
    {file = "numpy-1.24.2-cp310-cp310-win32.whl", hash = "sha256:2620e8592136e073bd12ee4536149380695fbe9ebeae845b81237f986479ffc9"},
    {file = "numpy-1.24.2-cp310-cp310-win_amd64.whl", hash = "sha256:97cf27e51fa078078c649a51d7ade3c92d9e709ba2bfb97493007103c741f1d0"},
    {file = "numpy-1.24.2-cp311-cp311-macosx_10_9_x86_64.whl", hash = "sha256:7de8fdde0003f4294655aa5d5f0a89c26b9f22c0a58790c38fae1ed392d44a5a"},
    {file = "numpy-1.24.2-cp311-cp311-macosx_11_0_arm64.whl", hash = "sha256:4173bde9fa2a005c2c6e2ea8ac1618e2ed2c1c6ec8a7657237854d42094123a0"},
    {file = "numpy-1.24.2-cp311-cp311-manylinux_2_17_aarch64.manylinux2014_aarch64.whl", hash = "sha256:4cecaed30dc14123020f77b03601559fff3e6cd0c048f8b5289f4eeabb0eb281"},
    {file = "numpy-1.24.2-cp311-cp311-manylinux_2_17_x86_64.manylinux2014_x86_64.whl", hash = "sha256:9a23f8440561a633204a67fb44617ce2a299beecf3295f0d13c495518908e910"},
    {file = "numpy-1.24.2-cp311-cp311-win32.whl", hash = "sha256:e428c4fbfa085f947b536706a2fc349245d7baa8334f0c5723c56a10595f9b95"},
    {file = "numpy-1.24.2-cp311-cp311-win_amd64.whl", hash = "sha256:557d42778a6869c2162deb40ad82612645e21d79e11c1dc62c6e82a2220ffb04"},
    {file = "numpy-1.24.2-cp38-cp38-macosx_10_9_x86_64.whl", hash = "sha256:d0a2db9d20117bf523dde15858398e7c0858aadca7c0f088ac0d6edd360e9ad2"},
    {file = "numpy-1.24.2-cp38-cp38-macosx_11_0_arm64.whl", hash = "sha256:c72a6b2f4af1adfe193f7beb91ddf708ff867a3f977ef2ec53c0ffb8283ab9f5"},
    {file = "numpy-1.24.2-cp38-cp38-manylinux_2_17_aarch64.manylinux2014_aarch64.whl", hash = "sha256:c29e6bd0ec49a44d7690ecb623a8eac5ab8a923bce0bea6293953992edf3a76a"},
    {file = "numpy-1.24.2-cp38-cp38-manylinux_2_17_x86_64.manylinux2014_x86_64.whl", hash = "sha256:2eabd64ddb96a1239791da78fa5f4e1693ae2dadc82a76bc76a14cbb2b966e96"},
    {file = "numpy-1.24.2-cp38-cp38-win32.whl", hash = "sha256:e3ab5d32784e843fc0dd3ab6dcafc67ef806e6b6828dc6af2f689be0eb4d781d"},
    {file = "numpy-1.24.2-cp38-cp38-win_amd64.whl", hash = "sha256:76807b4063f0002c8532cfeac47a3068a69561e9c8715efdad3c642eb27c0756"},
    {file = "numpy-1.24.2-cp39-cp39-macosx_10_9_x86_64.whl", hash = "sha256:4199e7cfc307a778f72d293372736223e39ec9ac096ff0a2e64853b866a8e18a"},
    {file = "numpy-1.24.2-cp39-cp39-macosx_11_0_arm64.whl", hash = "sha256:adbdce121896fd3a17a77ab0b0b5eedf05a9834a18699db6829a64e1dfccca7f"},
    {file = "numpy-1.24.2-cp39-cp39-manylinux_2_17_aarch64.manylinux2014_aarch64.whl", hash = "sha256:889b2cc88b837d86eda1b17008ebeb679d82875022200c6e8e4ce6cf549b7acb"},
    {file = "numpy-1.24.2-cp39-cp39-manylinux_2_17_x86_64.manylinux2014_x86_64.whl", hash = "sha256:f64bb98ac59b3ea3bf74b02f13836eb2e24e48e0ab0145bbda646295769bd780"},
    {file = "numpy-1.24.2-cp39-cp39-win32.whl", hash = "sha256:63e45511ee4d9d976637d11e6c9864eae50e12dc9598f531c035265991910468"},
    {file = "numpy-1.24.2-cp39-cp39-win_amd64.whl", hash = "sha256:a77d3e1163a7770164404607b7ba3967fb49b24782a6ef85d9b5f54126cc39e5"},
    {file = "numpy-1.24.2-pp38-pypy38_pp73-macosx_10_9_x86_64.whl", hash = "sha256:92011118955724465fb6853def593cf397b4a1367495e0b59a7e69d40c4eb71d"},
    {file = "numpy-1.24.2-pp38-pypy38_pp73-manylinux_2_17_x86_64.manylinux2014_x86_64.whl", hash = "sha256:f9006288bcf4895917d02583cf3411f98631275bc67cce355a7f39f8c14338fa"},
    {file = "numpy-1.24.2-pp38-pypy38_pp73-win_amd64.whl", hash = "sha256:150947adbdfeceec4e5926d956a06865c1c690f2fd902efede4ca6fe2e657c3f"},
    {file = "numpy-1.24.2.tar.gz", hash = "sha256:003a9f530e880cb2cd177cba1af7220b9aa42def9c4afc2a2fc3ee6be7eb2b22"},
]

[[package]]
name = "pyaraucaria"
version = "2.6.6"
description = ""
category = "main"
optional = false
python-versions = "*"
files = []
develop = false

[package.dependencies]
ephem = "*"
lark = "*"
numpy = "*"

[package.extras]
yaml = ["yaml"]

[package.source]
type = "git"
url = "https://github.com/araucaria-project/pyaraucaria.git"
reference = "HEAD"
resolved_reference = "7874e73681aad470a75e55bf5d0af3fd4805ce79"

[metadata]
lock-version = "2.0"
python-versions = "^3.10"
content-hash = "833e6457380b883d7979b87494720502c9dd53a2efeccec38a0a8abca178f978"
